
Microsoft Visual Studio Solution File, Format Version 12.00
# Visual Studio 15
VisualStudioVersion = 15.0.27703.2042
MinimumVisualStudioVersion = 10.0.40219.1
Project("{8BC9CEB8-8B4A-11D0-8D11-00A0C91BC942}") = "MFCSevers", "MFCSevers\MFCSevers.vcxproj", "{F9E5EF30-8CF8-4BC2-9792-EA01F9C7E9CD}"
EndProject
Global
	GlobalSection(SolutionConfigurationPlatforms) = preSolution
		Debug|x64 = Debug|x64
		Debug|x86 = Debug|x86
		Release|x64 = Release|x64
		Release|x86 = Release|x86
	EndGlobalSection
	GlobalSection(ProjectConfigurationPlatforms) = postSolution
		{F9E5EF30-8CF8-4BC2-9792-EA01F9C7E9CD}.Debug|x64.ActiveCfg = Debug|x64
		{F9E5EF30-8CF8-4BC2-9792-EA01F9C7E9CD}.Debug|x64.Build.0 = Debug|x64
		{F9E5EF30-8CF8-4BC2-9792-EA01F9C7E9CD}.Debug|x86.ActiveCfg = Debug|Win32
		{F9E5EF30-8CF8-4BC2-9792-EA01F9C7E9CD}.Debug|x86.Build.0 = Debug|Win32
		{F9E5EF30-8CF8-4BC2-9792-EA01F9C7E9CD}.Release|x64.ActiveCfg = Release|x64
		{F9E5EF30-8CF8-4BC2-9792-EA01F9C7E9CD}.Release|x64.Build.0 = Release|x64
		{F9E5EF30-8CF8-4BC2-9792-EA01F9C7E9CD}.Release|x86.ActiveCfg = Release|Win32
		{F9E5EF30-8CF8-4BC2-9792-EA01F9C7E9CD}.Release|x86.Build.0 = Release|Win32
	EndGlobalSection
	GlobalSection(SolutionProperties) = preSolution
		HideSolutionNode = FALSE
	EndGlobalSection
	GlobalSection(ExtensibilityGlobals) = postSolution
		SolutionGuid = {453EFC7F-09BB-4BEE-9626-71D295F1EDAC}
	EndGlobalSection
EndGlobal
